// !$*UTF8*$!
{
	archiveVersion = 1;
	classes = {
	};
	objectVersion = 55;
	objects = {

/* Begin PBXBuildFile section */
		41F919C0281F6EE700F43D65 /* LandmarksApp.swift in Sources */ = {isa = PBXBuildFile; fileRef = 41F919BF281F6EE700F43D65 /* LandmarksApp.swift */; };
		41F919C2281F6EE700F43D65 /* ContentView.swift in Sources */ = {isa = PBXBuildFile; fileRef = 41F919C1281F6EE700F43D65 /* ContentView.swift */; };
		41F919C4281F6EE900F43D65 /* Assets.xcassets in Resources */ = {isa = PBXBuildFile; fileRef = 41F919C3281F6EE900F43D65 /* Assets.xcassets */; };
		41F919C7281F6EE900F43D65 /* Preview Assets.xcassets in Resources */ = {isa = PBXBuildFile; fileRef = 41F919C6281F6EE900F43D65 /* Preview Assets.xcassets */; };
		41F919D1281F6EE900F43D65 /* LandmarksTests.swift in Sources */ = {isa = PBXBuildFile; fileRef = 41F919D0281F6EE900F43D65 /* LandmarksTests.swift */; };
		41F919DB281F6EE900F43D65 /* LandmarksUITests.swift in Sources */ = {isa = PBXBuildFile; fileRef = 41F919DA281F6EE900F43D65 /* LandmarksUITests.swift */; };
		41F919DD281F6EE900F43D65 /* LandmarksUITestsLaunchTests.swift in Sources */ = {isa = PBXBuildFile; fileRef = 41F919DC281F6EE900F43D65 /* LandmarksUITestsLaunchTests.swift */; };
		41F919EC281F768F00F43D65 /* CircleImage.swift in Sources */ = {isa = PBXBuildFile; fileRef = 41F919EB281F768F00F43D65 /* CircleImage.swift */; };
		41F919EE281F784A00F43D65 /* MapView.swift in Sources */ = {isa = PBXBuildFile; fileRef = 41F919ED281F784A00F43D65 /* MapView.swift */; };
		41F919F4281F7D2300F43D65 /* Landmark.swift in Sources */ = {isa = PBXBuildFile; fileRef = 41F919F3281F7D2300F43D65 /* Landmark.swift */; };
		41F919F6281F7ED000F43D65 /* ModelData.swift in Sources */ = {isa = PBXBuildFile; fileRef = 41F919F5281F7ED000F43D65 /* ModelData.swift */; };
		41F91A02281F88A500F43D65 /* LandmarkRow.swift in Sources */ = {isa = PBXBuildFile; fileRef = 41F91A01281F88A500F43D65 /* LandmarkRow.swift */; };
		41F91A04281F920B00F43D65 /* LandmarkList.swift in Sources */ = {isa = PBXBuildFile; fileRef = 41F91A03281F920A00F43D65 /* LandmarkList.swift */; };
		41F91A06281F93F500F43D65 /* landmarkData.json in Resources */ = {isa = PBXBuildFile; fileRef = 41F91A05281F93F500F43D65 /* landmarkData.json */; };
		41F91A08281F96DE00F43D65 /* LandmarkDetail.swift in Sources */ = {isa = PBXBuildFile; fileRef = 41F91A07281F96DE00F43D65 /* LandmarkDetail.swift */; };
		41F91A0A282086D400F43D65 /* FavoriteButton.swift in Sources */ = {isa = PBXBuildFile; fileRef = 41F91A09282086D400F43D65 /* FavoriteButton.swift */; };
		41F91A0F2820C5F000F43D65 /* Profile.swift in Sources */ = {isa = PBXBuildFile; fileRef = 41F91A0E2820C5F000F43D65 /* Profile.swift */; };
		41F91A122820C67F00F43D65 /* ProfileHost.swift in Sources */ = {isa = PBXBuildFile; fileRef = 41F91A112820C67F00F43D65 /* ProfileHost.swift */; };
		41F91A142820C6A400F43D65 /* ProfileSummary.swift in Sources */ = {isa = PBXBuildFile; fileRef = 41F91A132820C6A400F43D65 /* ProfileSummary.swift */; };
		41F91A162820C82000F43D65 /* HexagonParameters.swift in Sources */ = {isa = PBXBuildFile; fileRef = 41F91A152820C82000F43D65 /* HexagonParameters.swift */; };
		41F91A182820C89900F43D65 /* BadgeBackground.swift in Sources */ = {isa = PBXBuildFile; fileRef = 41F91A172820C89900F43D65 /* BadgeBackground.swift */; };
		41F91A1A2820C99400F43D65 /* BadgeSymbol.swift in Sources */ = {isa = PBXBuildFile; fileRef = 41F91A192820C99400F43D65 /* BadgeSymbol.swift */; };
		41F91A1C2820CA3E00F43D65 /* RotatedBadgeSymbol.swift in Sources */ = {isa = PBXBuildFile; fileRef = 41F91A1B2820CA3E00F43D65 /* RotatedBadgeSymbol.swift */; };
		41F91A1F2820CB0B00F43D65 /* Badge.swift in Sources */ = {isa = PBXBuildFile; fileRef = 41F91A1E2820CB0B00F43D65 /* Badge.swift */; };
		41F91A212820CBFF00F43D65 /* hikeData.json in Resources */ = {isa = PBXBuildFile; fileRef = 41F91A202820CBFF00F43D65 /* hikeData.json */; };
		41F91A232820CC4700F43D65 /* Hike.swift in Sources */ = {isa = PBXBuildFile; fileRef = 41F91A222820CC4700F43D65 /* Hike.swift */; };
		41F91A292820CC9900F43D65 /* GraphCapsule.swift in Sources */ = {isa = PBXBuildFile; fileRef = 41F91A252820CC9900F43D65 /* GraphCapsule.swift */; };
		41F91A2A2820CC9900F43D65 /* HikeGraph.swift in Sources */ = {isa = PBXBuildFile; fileRef = 41F91A262820CC9900F43D65 /* HikeGraph.swift */; };
		41F91A2B2820CC9900F43D65 /* HikeDetail.swift in Sources */ = {isa = PBXBuildFile; fileRef = 41F91A272820CC9900F43D65 /* HikeDetail.swift */; };
		41F91A2C2820CC9900F43D65 /* HikeView.swift in Sources */ = {isa = PBXBuildFile; fileRef = 41F91A282820CC9900F43D65 /* HikeView.swift */; };
		41F91A2F2820D1D600F43D65 /* CategoriesHome.swift in Sources */ = {isa = PBXBuildFile; fileRef = 41F91A2E2820D1D600F43D65 /* CategoriesHome.swift */; };
		41F91A312820D4FD00F43D65 /* CategoryRow.swift in Sources */ = {isa = PBXBuildFile; fileRef = 41F91A302820D4FD00F43D65 /* CategoryRow.swift */; };
		41F91A332820D85700F43D65 /* CategoryItem.swift in Sources */ = {isa = PBXBuildFile; fileRef = 41F91A322820D85700F43D65 /* CategoryItem.swift */; };
/* End PBXBuildFile section */

/* Begin PBXContainerItemProxy section */
		41F919CD281F6EE900F43D65 /* PBXContainerItemProxy */ = {
			isa = PBXContainerItemProxy;
			containerPortal = 41F919B4281F6EE700F43D65 /* Project object */;
			proxyType = 1;
			remoteGlobalIDString = 41F919BB281F6EE700F43D65;
			remoteInfo = Landmarks;
		};
		41F919D7281F6EE900F43D65 /* PBXContainerItemProxy */ = {
			isa = PBXContainerItemProxy;
			containerPortal = 41F919B4281F6EE700F43D65 /* Project object */;
			proxyType = 1;
			remoteGlobalIDString = 41F919BB281F6EE700F43D65;
			remoteInfo = Landmarks;
		};
/* End PBXContainerItemProxy section */

/* Begin PBXFileReference section */
		41F919BC281F6EE700F43D65 /* Landmarks.app */ = {isa = PBXFileReference; explicitFileType = wrapper.application; includeInIndex = 0; path = Landmarks.app; sourceTree = BUILT_PRODUCTS_DIR; };
		41F919BF281F6EE700F43D65 /* LandmarksApp.swift */ = {isa = PBXFileReference; lastKnownFileType = sourcecode.swift; path = LandmarksApp.swift; sourceTree = "<group>"; };
		41F919C1281F6EE700F43D65 /* ContentView.swift */ = {isa = PBXFileReference; lastKnownFileType = sourcecode.swift; path = ContentView.swift; sourceTree = "<group>"; };
		41F919C3281F6EE900F43D65 /* Assets.xcassets */ = {isa = PBXFileReference; lastKnownFileType = folder.assetcatalog; path = Assets.xcassets; sourceTree = "<group>"; };
		41F919C6281F6EE900F43D65 /* Preview Assets.xcassets */ = {isa = PBXFileReference; lastKnownFileType = folder.assetcatalog; path = "Preview Assets.xcassets"; sourceTree = "<group>"; };
		41F919CC281F6EE900F43D65 /* LandmarksTests.xctest */ = {isa = PBXFileReference; explicitFileType = wrapper.cfbundle; includeInIndex = 0; path = LandmarksTests.xctest; sourceTree = BUILT_PRODUCTS_DIR; };
		41F919D0281F6EE900F43D65 /* LandmarksTests.swift */ = {isa = PBXFileReference; lastKnownFileType = sourcecode.swift; path = LandmarksTests.swift; sourceTree = "<group>"; };
		41F919D6281F6EE900F43D65 /* LandmarksUITests.xctest */ = {isa = PBXFileReference; explicitFileType = wrapper.cfbundle; includeInIndex = 0; path = LandmarksUITests.xctest; sourceTree = BUILT_PRODUCTS_DIR; };
		41F919DA281F6EE900F43D65 /* LandmarksUITests.swift */ = {isa = PBXFileReference; lastKnownFileType = sourcecode.swift; path = LandmarksUITests.swift; sourceTree = "<group>"; };
		41F919DC281F6EE900F43D65 /* LandmarksUITestsLaunchTests.swift */ = {isa = PBXFileReference; lastKnownFileType = sourcecode.swift; path = LandmarksUITestsLaunchTests.swift; sourceTree = "<group>"; };
		41F919EB281F768F00F43D65 /* CircleImage.swift */ = {isa = PBXFileReference; lastKnownFileType = sourcecode.swift; path = CircleImage.swift; sourceTree = "<group>"; };
		41F919ED281F784A00F43D65 /* MapView.swift */ = {isa = PBXFileReference; lastKnownFileType = sourcecode.swift; path = MapView.swift; sourceTree = "<group>"; };
		41F919F3281F7D2300F43D65 /* Landmark.swift */ = {isa = PBXFileReference; lastKnownFileType = sourcecode.swift; path = Landmark.swift; sourceTree = "<group>"; };
		41F919F5281F7ED000F43D65 /* ModelData.swift */ = {isa = PBXFileReference; lastKnownFileType = sourcecode.swift; path = ModelData.swift; sourceTree = "<group>"; };
		41F91A01281F88A500F43D65 /* LandmarkRow.swift */ = {isa = PBXFileReference; lastKnownFileType = sourcecode.swift; path = LandmarkRow.swift; sourceTree = "<group>"; };
		41F91A03281F920A00F43D65 /* LandmarkList.swift */ = {isa = PBXFileReference; lastKnownFileType = sourcecode.swift; path = LandmarkList.swift; sourceTree = "<group>"; };
		41F91A05281F93F500F43D65 /* landmarkData.json */ = {isa = PBXFileReference; fileEncoding = 4; lastKnownFileType = text.json; path = landmarkData.json; sourceTree = "<group>"; };
		41F91A07281F96DE00F43D65 /* LandmarkDetail.swift */ = {isa = PBXFileReference; lastKnownFileType = sourcecode.swift; path = LandmarkDetail.swift; sourceTree = "<group>"; };
		41F91A09282086D400F43D65 /* FavoriteButton.swift */ = {isa = PBXFileReference; lastKnownFileType = sourcecode.swift; path = FavoriteButton.swift; sourceTree = "<group>"; };
		41F91A0E2820C5F000F43D65 /* Profile.swift */ = {isa = PBXFileReference; lastKnownFileType = sourcecode.swift; path = Profile.swift; sourceTree = "<group>"; };
		41F91A112820C67F00F43D65 /* ProfileHost.swift */ = {isa = PBXFileReference; lastKnownFileType = sourcecode.swift; path = ProfileHost.swift; sourceTree = "<group>"; };
		41F91A132820C6A400F43D65 /* ProfileSummary.swift */ = {isa = PBXFileReference; lastKnownFileType = sourcecode.swift; path = ProfileSummary.swift; sourceTree = "<group>"; };
		41F91A152820C82000F43D65 /* HexagonParameters.swift */ = {isa = PBXFileReference; lastKnownFileType = sourcecode.swift; path = HexagonParameters.swift; sourceTree = "<group>"; };
		41F91A172820C89900F43D65 /* BadgeBackground.swift */ = {isa = PBXFileReference; lastKnownFileType = sourcecode.swift; path = BadgeBackground.swift; sourceTree = "<group>"; };
		41F91A192820C99400F43D65 /* BadgeSymbol.swift */ = {isa = PBXFileReference; lastKnownFileType = sourcecode.swift; path = BadgeSymbol.swift; sourceTree = "<group>"; };
		41F91A1B2820CA3E00F43D65 /* RotatedBadgeSymbol.swift */ = {isa = PBXFileReference; lastKnownFileType = sourcecode.swift; path = RotatedBadgeSymbol.swift; sourceTree = "<group>"; };
		41F91A1E2820CB0B00F43D65 /* Badge.swift */ = {isa = PBXFileReference; lastKnownFileType = sourcecode.swift; path = Badge.swift; sourceTree = "<group>"; };
		41F91A202820CBFF00F43D65 /* hikeData.json */ = {isa = PBXFileReference; fileEncoding = 4; lastKnownFileType = text.json; path = hikeData.json; sourceTree = "<group>"; };
		41F91A222820CC4700F43D65 /* Hike.swift */ = {isa = PBXFileReference; lastKnownFileType = sourcecode.swift; path = Hike.swift; sourceTree = "<group>"; };
		41F91A252820CC9900F43D65 /* GraphCapsule.swift */ = {isa = PBXFileReference; fileEncoding = 4; lastKnownFileType = sourcecode.swift; path = GraphCapsule.swift; sourceTree = "<group>"; };
		41F91A262820CC9900F43D65 /* HikeGraph.swift */ = {isa = PBXFileReference; fileEncoding = 4; lastKnownFileType = sourcecode.swift; path = HikeGraph.swift; sourceTree = "<group>"; };
		41F91A272820CC9900F43D65 /* HikeDetail.swift */ = {isa = PBXFileReference; fileEncoding = 4; lastKnownFileType = sourcecode.swift; path = HikeDetail.swift; sourceTree = "<group>"; };
		41F91A282820CC9900F43D65 /* HikeView.swift */ = {isa = PBXFileReference; fileEncoding = 4; lastKnownFileType = sourcecode.swift; path = HikeView.swift; sourceTree = "<group>"; };
		41F91A2E2820D1D600F43D65 /* CategoriesHome.swift */ = {isa = PBXFileReference; lastKnownFileType = sourcecode.swift; path = CategoriesHome.swift; sourceTree = "<group>"; };
		41F91A302820D4FD00F43D65 /* CategoryRow.swift */ = {isa = PBXFileReference; lastKnownFileType = sourcecode.swift; path = CategoryRow.swift; sourceTree = "<group>"; };
		41F91A322820D85700F43D65 /* CategoryItem.swift */ = {isa = PBXFileReference; lastKnownFileType = sourcecode.swift; path = CategoryItem.swift; sourceTree = "<group>"; };
/* End PBXFileReference section */

/* Begin PBXFrameworksBuildPhase section */
		41F919B9281F6EE700F43D65 /* Frameworks */ = {
			isa = PBXFrameworksBuildPhase;
			buildActionMask = 2147483647;
			files = (
			);
			runOnlyForDeploymentPostprocessing = 0;
		};
		41F919C9281F6EE900F43D65 /* Frameworks */ = {
			isa = PBXFrameworksBuildPhase;
			buildActionMask = 2147483647;
			files = (
			);
			runOnlyForDeploymentPostprocessing = 0;
		};
		41F919D3281F6EE900F43D65 /* Frameworks */ = {
			isa = PBXFrameworksBuildPhase;
			buildActionMask = 2147483647;
			files = (
			);
			runOnlyForDeploymentPostprocessing = 0;
		};
/* End PBXFrameworksBuildPhase section */

/* Begin PBXGroup section */
		41F919B3281F6EE700F43D65 = {
			isa = PBXGroup;
			children = (
				41F919BE281F6EE700F43D65 /* Landmarks */,
				41F919CF281F6EE900F43D65 /* LandmarksTests */,
				41F919D9281F6EE900F43D65 /* LandmarksUITests */,
				41F919BD281F6EE700F43D65 /* Products */,
			);
			sourceTree = "<group>";
		};
		41F919BD281F6EE700F43D65 /* Products */ = {
			isa = PBXGroup;
			children = (
				41F919BC281F6EE700F43D65 /* Landmarks.app */,
				41F919CC281F6EE900F43D65 /* LandmarksTests.xctest */,
				41F919D6281F6EE900F43D65 /* LandmarksUITests.xctest */,
			);
			name = Products;
			sourceTree = "<group>";
		};
		41F919BE281F6EE700F43D65 /* Landmarks */ = {
			isa = PBXGroup;
			children = (
				41F919BF281F6EE700F43D65 /* LandmarksApp.swift */,
				41F919FE281F83DA00F43D65 /* Resources */,
				41F919F8281F835C00F43D65 /* Views */,
				41F919F9281F836900F43D65 /* Model */,
				41F919C3281F6EE900F43D65 /* Assets.xcassets */,
				41F919C5281F6EE900F43D65 /* Preview Content */,
			);
			path = Landmarks;
			sourceTree = "<group>";
		};
		41F919C5281F6EE900F43D65 /* Preview Content */ = {
			isa = PBXGroup;
			children = (
				41F919C6281F6EE900F43D65 /* Preview Assets.xcassets */,
			);
			path = "Preview Content";
			sourceTree = "<group>";
		};
		41F919CF281F6EE900F43D65 /* LandmarksTests */ = {
			isa = PBXGroup;
			children = (
				41F919D0281F6EE900F43D65 /* LandmarksTests.swift */,
			);
			path = LandmarksTests;
			sourceTree = "<group>";
		};
		41F919D9281F6EE900F43D65 /* LandmarksUITests */ = {
			isa = PBXGroup;
			children = (
				41F919DA281F6EE900F43D65 /* LandmarksUITests.swift */,
				41F919DC281F6EE900F43D65 /* LandmarksUITestsLaunchTests.swift */,
			);
			path = LandmarksUITests;
			sourceTree = "<group>";
		};
		41F919F8281F835C00F43D65 /* Views */ = {
			isa = PBXGroup;
			children = (
				41F919C1281F6EE700F43D65 /* ContentView.swift */,
				41F91A2D2820D1C500F43D65 /* Categories */,
				41F91A242820CC9900F43D65 /* Hikes */,
				41F91A1D2820CA9300F43D65 /* Badges */,
				41F91A102820C65F00F43D65 /* Profiles */,
				41F91A0C282087B200F43D65 /* Helpers */,
				41F91A0D282087C300F43D65 /* Landmarks */,
			);
			path = Views;
			sourceTree = "<group>";
		};
		41F919F9281F836900F43D65 /* Model */ = {
			isa = PBXGroup;
			children = (
				41F919F3281F7D2300F43D65 /* Landmark.swift */,
				41F919F5281F7ED000F43D65 /* ModelData.swift */,
				41F91A0E2820C5F000F43D65 /* Profile.swift */,
				41F91A222820CC4700F43D65 /* Hike.swift */,
			);
			path = Model;
			sourceTree = "<group>";
		};
		41F919FE281F83DA00F43D65 /* Resources */ = {
			isa = PBXGroup;
			children = (
				41F91A202820CBFF00F43D65 /* hikeData.json */,
				41F91A05281F93F500F43D65 /* landmarkData.json */,
			);
			path = Resources;
			sourceTree = "<group>";
		};
		41F91A0C282087B200F43D65 /* Helpers */ = {
			isa = PBXGroup;
			children = (
				41F919EB281F768F00F43D65 /* CircleImage.swift */,
				41F91A152820C82000F43D65 /* HexagonParameters.swift */,
				41F919ED281F784A00F43D65 /* MapView.swift */,
				41F91A09282086D400F43D65 /* FavoriteButton.swift */,
			);
			path = Helpers;
			sourceTree = "<group>";
		};
		41F91A0D282087C300F43D65 /* Landmarks */ = {
			isa = PBXGroup;
			children = (
				41F91A01281F88A500F43D65 /* LandmarkRow.swift */,
				41F91A03281F920A00F43D65 /* LandmarkList.swift */,
				41F91A07281F96DE00F43D65 /* LandmarkDetail.swift */,
			);
			path = Landmarks;
			sourceTree = "<group>";
		};
		41F91A102820C65F00F43D65 /* Profiles */ = {
			isa = PBXGroup;
			children = (
				41F91A112820C67F00F43D65 /* ProfileHost.swift */,
				41F91A132820C6A400F43D65 /* ProfileSummary.swift */,
			);
			path = Profiles;
			sourceTree = "<group>";
		};
		41F91A1D2820CA9300F43D65 /* Badges */ = {
			isa = PBXGroup;
			children = (
				41F91A172820C89900F43D65 /* BadgeBackground.swift */,
				41F91A192820C99400F43D65 /* BadgeSymbol.swift */,
				41F91A1B2820CA3E00F43D65 /* RotatedBadgeSymbol.swift */,
				41F91A1E2820CB0B00F43D65 /* Badge.swift */,
			);
			path = Badges;
			sourceTree = "<group>";
		};
		41F91A242820CC9900F43D65 /* Hikes */ = {
			isa = PBXGroup;
			children = (
				41F91A252820CC9900F43D65 /* GraphCapsule.swift */,
				41F91A262820CC9900F43D65 /* HikeGraph.swift */,
				41F91A272820CC9900F43D65 /* HikeDetail.swift */,
				41F91A282820CC9900F43D65 /* HikeView.swift */,
			);
			path = Hikes;
			sourceTree = "<group>";
		};
		41F91A2D2820D1C500F43D65 /* Categories */ = {
			isa = PBXGroup;
			children = (
				41F91A2E2820D1D600F43D65 /* CategoriesHome.swift */,
				41F91A302820D4FD00F43D65 /* CategoryRow.swift */,
				41F91A322820D85700F43D65 /* CategoryItem.swift */,
			);
			path = Categories;
			sourceTree = "<group>";
		};
/* End PBXGroup section */

/* Begin PBXNativeTarget section */
		41F919BB281F6EE700F43D65 /* Landmarks */ = {
			isa = PBXNativeTarget;
			buildConfigurationList = 41F919E0281F6EE900F43D65 /* Build configuration list for PBXNativeTarget "Landmarks" */;
			buildPhases = (
				41F919B8281F6EE700F43D65 /* Sources */,
				41F919B9281F6EE700F43D65 /* Frameworks */,
				41F919BA281F6EE700F43D65 /* Resources */,
			);
			buildRules = (
			);
			dependencies = (
			);
			name = Landmarks;
			productName = Landmarks;
			productReference = 41F919BC281F6EE700F43D65 /* Landmarks.app */;
			productType = "com.apple.product-type.application";
		};
		41F919CB281F6EE900F43D65 /* LandmarksTests */ = {
			isa = PBXNativeTarget;
			buildConfigurationList = 41F919E3281F6EE900F43D65 /* Build configuration list for PBXNativeTarget "LandmarksTests" */;
			buildPhases = (
				41F919C8281F6EE900F43D65 /* Sources */,
				41F919C9281F6EE900F43D65 /* Frameworks */,
				41F919CA281F6EE900F43D65 /* Resources */,
			);
			buildRules = (
			);
			dependencies = (
				41F919CE281F6EE900F43D65 /* PBXTargetDependency */,
			);
			name = LandmarksTests;
			productName = LandmarksTests;
			productReference = 41F919CC281F6EE900F43D65 /* LandmarksTests.xctest */;
			productType = "com.apple.product-type.bundle.unit-test";
		};
		41F919D5281F6EE900F43D65 /* LandmarksUITests */ = {
			isa = PBXNativeTarget;
			buildConfigurationList = 41F919E6281F6EE900F43D65 /* Build configuration list for PBXNativeTarget "LandmarksUITests" */;
			buildPhases = (
				41F919D2281F6EE900F43D65 /* Sources */,
				41F919D3281F6EE900F43D65 /* Frameworks */,
				41F919D4281F6EE900F43D65 /* Resources */,
			);
			buildRules = (
			);
			dependencies = (
				41F919D8281F6EE900F43D65 /* PBXTargetDependency */,
			);
			name = LandmarksUITests;
			productName = LandmarksUITests;
			productReference = 41F919D6281F6EE900F43D65 /* LandmarksUITests.xctest */;
			productType = "com.apple.product-type.bundle.ui-testing";
		};
/* End PBXNativeTarget section */

/* Begin PBXProject section */
		41F919B4281F6EE700F43D65 /* Project object */ = {
			isa = PBXProject;
			attributes = {
				BuildIndependentTargetsInParallel = 1;
				LastSwiftUpdateCheck = 1330;
				LastUpgradeCheck = 1330;
				TargetAttributes = {
					41F919BB281F6EE700F43D65 = {
						CreatedOnToolsVersion = 13.3.1;
					};
					41F919CB281F6EE900F43D65 = {
						CreatedOnToolsVersion = 13.3.1;
						TestTargetID = 41F919BB281F6EE700F43D65;
					};
					41F919D5281F6EE900F43D65 = {
						CreatedOnToolsVersion = 13.3.1;
						TestTargetID = 41F919BB281F6EE700F43D65;
					};
				};
			};
			buildConfigurationList = 41F919B7281F6EE700F43D65 /* Build configuration list for PBXProject "Landmarks" */;
			compatibilityVersion = "Xcode 13.0";
			developmentRegion = en;
			hasScannedForEncodings = 0;
			knownRegions = (
				en,
				Base,
			);
			mainGroup = 41F919B3281F6EE700F43D65;
			productRefGroup = 41F919BD281F6EE700F43D65 /* Products */;
			projectDirPath = "";
			projectRoot = "";
			targets = (
				41F919BB281F6EE700F43D65 /* Landmarks */,
				41F919CB281F6EE900F43D65 /* LandmarksTests */,
				41F919D5281F6EE900F43D65 /* LandmarksUITests */,
			);
		};
/* End PBXProject section */

/* Begin PBXResourcesBuildPhase section */
		41F919BA281F6EE700F43D65 /* Resources */ = {
			isa = PBXResourcesBuildPhase;
			buildActionMask = 2147483647;
			files = (
				41F91A212820CBFF00F43D65 /* hikeData.json in Resources */,
				41F919C7281F6EE900F43D65 /* Preview Assets.xcassets in Resources */,
				41F919C4281F6EE900F43D65 /* Assets.xcassets in Resources */,
				41F91A06281F93F500F43D65 /* landmarkData.json in Resources */,
			);
			runOnlyForDeploymentPostprocessing = 0;
		};
		41F919CA281F6EE900F43D65 /* Resources */ = {
			isa = PBXResourcesBuildPhase;
			buildActionMask = 2147483647;
			files = (
			);
			runOnlyForDeploymentPostprocessing = 0;
		};
		41F919D4281F6EE900F43D65 /* Resources */ = {
			isa = PBXResourcesBuildPhase;
			buildActionMask = 2147483647;
			files = (
			);
			runOnlyForDeploymentPostprocessing = 0;
		};
/* End PBXResourcesBuildPhase section */

/* Begin PBXSourcesBuildPhase section */
		41F919B8281F6EE700F43D65 /* Sources */ = {
			isa = PBXSourcesBuildPhase;
			buildActionMask = 2147483647;
			files = (
				41F91A292820CC9900F43D65 /* GraphCapsule.swift in Sources */,
				41F91A162820C82000F43D65 /* HexagonParameters.swift in Sources */,
				41F919C2281F6EE700F43D65 /* ContentView.swift in Sources */,
				41F919EE281F784A00F43D65 /* MapView.swift in Sources */,
				41F91A2A2820CC9900F43D65 /* HikeGraph.swift in Sources */,
				41F91A232820CC4700F43D65 /* Hike.swift in Sources */,
				41F91A2F2820D1D600F43D65 /* CategoriesHome.swift in Sources */,
				41F919C0281F6EE700F43D65 /* LandmarksApp.swift in Sources */,
				41F91A332820D85700F43D65 /* CategoryItem.swift in Sources */,
				41F91A2B2820CC9900F43D65 /* HikeDetail.swift in Sources */,
				41F91A122820C67F00F43D65 /* ProfileHost.swift in Sources */,
				41F91A1C2820CA3E00F43D65 /* RotatedBadgeSymbol.swift in Sources */,
				41F91A1A2820C99400F43D65 /* BadgeSymbol.swift in Sources */,
				41F91A312820D4FD00F43D65 /* CategoryRow.swift in Sources */,
				41F91A1F2820CB0B00F43D65 /* Badge.swift in Sources */,
				41F91A0A282086D400F43D65 /* FavoriteButton.swift in Sources */,
				41F91A04281F920B00F43D65 /* LandmarkList.swift in Sources */,
				41F91A08281F96DE00F43D65 /* LandmarkDetail.swift in Sources */,
				41F91A2C2820CC9900F43D65 /* HikeView.swift in Sources */,
				41F919EC281F768F00F43D65 /* CircleImage.swift in Sources */,
				41F919F4281F7D2300F43D65 /* Landmark.swift in Sources */,
				41F91A0F2820C5F000F43D65 /* Profile.swift in Sources */,
				41F91A02281F88A500F43D65 /* LandmarkRow.swift in Sources */,
				41F919F6281F7ED000F43D65 /* ModelData.swift in Sources */,
				41F91A182820C89900F43D65 /* BadgeBackground.swift in Sources */,
				41F91A142820C6A400F43D65 /* ProfileSummary.swift in Sources */,
			);
			runOnlyForDeploymentPostprocessing = 0;
		};
		41F919C8281F6EE900F43D65 /* Sources */ = {
			isa = PBXSourcesBuildPhase;
			buildActionMask = 2147483647;
			files = (
				41F919D1281F6EE900F43D65 /* LandmarksTests.swift in Sources */,
			);
			runOnlyForDeploymentPostprocessing = 0;
		};
		41F919D2281F6EE900F43D65 /* Sources */ = {
			isa = PBXSourcesBuildPhase;
			buildActionMask = 2147483647;
			files = (
				41F919DD281F6EE900F43D65 /* LandmarksUITestsLaunchTests.swift in Sources */,
				41F919DB281F6EE900F43D65 /* LandmarksUITests.swift in Sources */,
			);
			runOnlyForDeploymentPostprocessing = 0;
		};
/* End PBXSourcesBuildPhase section */

/* Begin PBXTargetDependency section */
		41F919CE281F6EE900F43D65 /* PBXTargetDependency */ = {
			isa = PBXTargetDependency;
			target = 41F919BB281F6EE700F43D65 /* Landmarks */;
			targetProxy = 41F919CD281F6EE900F43D65 /* PBXContainerItemProxy */;
		};
		41F919D8281F6EE900F43D65 /* PBXTargetDependency */ = {
			isa = PBXTargetDependency;
			target = 41F919BB281F6EE700F43D65 /* Landmarks */;
			targetProxy = 41F919D7281F6EE900F43D65 /* PBXContainerItemProxy */;
		};
/* End PBXTargetDependency section */

/* Begin XCBuildConfiguration section */
		41F919DE281F6EE900F43D65 /* Debug */ = {
			isa = XCBuildConfiguration;
			buildSettings = {
				ALWAYS_SEARCH_USER_PATHS = NO;
				CLANG_ANALYZER_NONNULL = YES;
				CLANG_ANALYZER_NUMBER_OBJECT_CONVERSION = YES_AGGRESSIVE;
				CLANG_CXX_LANGUAGE_STANDARD = "gnu++17";
				CLANG_ENABLE_MODULES = YES;
				CLANG_ENABLE_OBJC_ARC = YES;
				CLANG_ENABLE_OBJC_WEAK = YES;
				CLANG_WARN_BLOCK_CAPTURE_AUTORELEASING = YES;
				CLANG_WARN_BOOL_CONVERSION = YES;
				CLANG_WARN_COMMA = YES;
				CLANG_WARN_CONSTANT_CONVERSION = YES;
				CLANG_WARN_DEPRECATED_OBJC_IMPLEMENTATIONS = YES;
				CLANG_WARN_DIRECT_OBJC_ISA_USAGE = YES_ERROR;
				CLANG_WARN_DOCUMENTATION_COMMENTS = YES;
				CLANG_WARN_EMPTY_BODY = YES;
				CLANG_WARN_ENUM_CONVERSION = YES;
				CLANG_WARN_INFINITE_RECURSION = YES;
				CLANG_WARN_INT_CONVERSION = YES;
				CLANG_WARN_NON_LITERAL_NULL_CONVERSION = YES;
				CLANG_WARN_OBJC_IMPLICIT_RETAIN_SELF = YES;
				CLANG_WARN_OBJC_LITERAL_CONVERSION = YES;
				CLANG_WARN_OBJC_ROOT_CLASS = YES_ERROR;
				CLANG_WARN_QUOTED_INCLUDE_IN_FRAMEWORK_HEADER = YES;
				CLANG_WARN_RANGE_LOOP_ANALYSIS = YES;
				CLANG_WARN_STRICT_PROTOTYPES = YES;
				CLANG_WARN_SUSPICIOUS_MOVE = YES;
				CLANG_WARN_UNGUARDED_AVAILABILITY = YES_AGGRESSIVE;
				CLANG_WARN_UNREACHABLE_CODE = YES;
				CLANG_WARN__DUPLICATE_METHOD_MATCH = YES;
				COPY_PHASE_STRIP = NO;
				DEBUG_INFORMATION_FORMAT = dwarf;
				ENABLE_STRICT_OBJC_MSGSEND = YES;
				ENABLE_TESTABILITY = YES;
				GCC_C_LANGUAGE_STANDARD = gnu11;
				GCC_DYNAMIC_NO_PIC = NO;
				GCC_NO_COMMON_BLOCKS = YES;
				GCC_OPTIMIZATION_LEVEL = 0;
				GCC_PREPROCESSOR_DEFINITIONS = (
					"DEBUG=1",
					"$(inherited)",
				);
				GCC_WARN_64_TO_32_BIT_CONVERSION = YES;
				GCC_WARN_ABOUT_RETURN_TYPE = YES_ERROR;
				GCC_WARN_UNDECLARED_SELECTOR = YES;
				GCC_WARN_UNINITIALIZED_AUTOS = YES_AGGRESSIVE;
				GCC_WARN_UNUSED_FUNCTION = YES;
				GCC_WARN_UNUSED_VARIABLE = YES;
				IPHONEOS_DEPLOYMENT_TARGET = 15.4;
				MTL_ENABLE_DEBUG_INFO = INCLUDE_SOURCE;
				MTL_FAST_MATH = YES;
				ONLY_ACTIVE_ARCH = YES;
				SDKROOT = iphoneos;
				SWIFT_ACTIVE_COMPILATION_CONDITIONS = DEBUG;
				SWIFT_OPTIMIZATION_LEVEL = "-Onone";
			};
			name = Debug;
		};
		41F919DF281F6EE900F43D65 /* Release */ = {
			isa = XCBuildConfiguration;
			buildSettings = {
				ALWAYS_SEARCH_USER_PATHS = NO;
				CLANG_ANALYZER_NONNULL = YES;
				CLANG_ANALYZER_NUMBER_OBJECT_CONVERSION = YES_AGGRESSIVE;
				CLANG_CXX_LANGUAGE_STANDARD = "gnu++17";
				CLANG_ENABLE_MODULES = YES;
				CLANG_ENABLE_OBJC_ARC = YES;
				CLANG_ENABLE_OBJC_WEAK = YES;
				CLANG_WARN_BLOCK_CAPTURE_AUTORELEASING = YES;
				CLANG_WARN_BOOL_CONVERSION = YES;
				CLANG_WARN_COMMA = YES;
				CLANG_WARN_CONSTANT_CONVERSION = YES;
				CLANG_WARN_DEPRECATED_OBJC_IMPLEMENTATIONS = YES;
				CLANG_WARN_DIRECT_OBJC_ISA_USAGE = YES_ERROR;
				CLANG_WARN_DOCUMENTATION_COMMENTS = YES;
				CLANG_WARN_EMPTY_BODY = YES;
				CLANG_WARN_ENUM_CONVERSION = YES;
				CLANG_WARN_INFINITE_RECURSION = YES;
				CLANG_WARN_INT_CONVERSION = YES;
				CLANG_WARN_NON_LITERAL_NULL_CONVERSION = YES;
				CLANG_WARN_OBJC_IMPLICIT_RETAIN_SELF = YES;
				CLANG_WARN_OBJC_LITERAL_CONVERSION = YES;
				CLANG_WARN_OBJC_ROOT_CLASS = YES_ERROR;
				CLANG_WARN_QUOTED_INCLUDE_IN_FRAMEWORK_HEADER = YES;
				CLANG_WARN_RANGE_LOOP_ANALYSIS = YES;
				CLANG_WARN_STRICT_PROTOTYPES = YES;
				CLANG_WARN_SUSPICIOUS_MOVE = YES;
				CLANG_WARN_UNGUARDED_AVAILABILITY = YES_AGGRESSIVE;
				CLANG_WARN_UNREACHABLE_CODE = YES;
				CLANG_WARN__DUPLICATE_METHOD_MATCH = YES;
				COPY_PHASE_STRIP = NO;
				DEBUG_INFORMATION_FORMAT = "dwarf-with-dsym";
				ENABLE_NS_ASSERTIONS = NO;
				ENABLE_STRICT_OBJC_MSGSEND = YES;
				GCC_C_LANGUAGE_STANDARD = gnu11;
				GCC_NO_COMMON_BLOCKS = YES;
				GCC_WARN_64_TO_32_BIT_CONVERSION = YES;
				GCC_WARN_ABOUT_RETURN_TYPE = YES_ERROR;
				GCC_WARN_UNDECLARED_SELECTOR = YES;
				GCC_WARN_UNINITIALIZED_AUTOS = YES_AGGRESSIVE;
				GCC_WARN_UNUSED_FUNCTION = YES;
				GCC_WARN_UNUSED_VARIABLE = YES;
				IPHONEOS_DEPLOYMENT_TARGET = 15.4;
				MTL_ENABLE_DEBUG_INFO = NO;
				MTL_FAST_MATH = YES;
				SDKROOT = iphoneos;
				SWIFT_COMPILATION_MODE = wholemodule;
				SWIFT_OPTIMIZATION_LEVEL = "-O";
				VALIDATE_PRODUCT = YES;
			};
			name = Release;
		};
		41F919E1281F6EE900F43D65 /* Debug */ = {
			isa = XCBuildConfiguration;
			buildSettings = {
				ASSETCATALOG_COMPILER_APPICON_NAME = AppIcon;
				ASSETCATALOG_COMPILER_GLOBAL_ACCENT_COLOR_NAME = AccentColor;
				CODE_SIGN_STYLE = Automatic;
				CURRENT_PROJECT_VERSION = 1;
				DEVELOPMENT_ASSET_PATHS = "\"Landmarks/Preview Content\"";
				ENABLE_PREVIEWS = YES;
				GENERATE_INFOPLIST_FILE = YES;
				INFOPLIST_KEY_UIApplicationSceneManifest_Generation = YES;
				INFOPLIST_KEY_UIApplicationSupportsIndirectInputEvents = YES;
				INFOPLIST_KEY_UILaunchScreen_Generation = YES;
				INFOPLIST_KEY_UISupportedInterfaceOrientations_iPad = "UIInterfaceOrientationPortrait UIInterfaceOrientationPortraitUpsideDown UIInterfaceOrientationLandscapeLeft UIInterfaceOrientationLandscapeRight";
				INFOPLIST_KEY_UISupportedInterfaceOrientations_iPhone = "UIInterfaceOrientationPortrait UIInterfaceOrientationLandscapeLeft UIInterfaceOrientationLandscapeRight";
				LD_RUNPATH_SEARCH_PATHS = (
					"$(inherited)",
					"@executable_path/Frameworks",
				);
				MARKETING_VERSION = 1.0;
				PRODUCT_BUNDLE_IDENTIFIER = com.PRACTICE.Landmarks;
				PRODUCT_NAME = "$(TARGET_NAME)";
				SWIFT_EMIT_LOC_STRINGS = YES;
				SWIFT_VERSION = 5.0;
				TARGETED_DEVICE_FAMILY = "1,2";
			};
			name = Debug;
		};
		41F919E2281F6EE900F43D65 /* Release */ = {
			isa = XCBuildConfiguration;
			buildSettings = {
				ASSETCATALOG_COMPILER_APPICON_NAME = AppIcon;
				ASSETCATALOG_COMPILER_GLOBAL_ACCENT_COLOR_NAME = AccentColor;
				CODE_SIGN_STYLE = Automatic;
				CURRENT_PROJECT_VERSION = 1;
				DEVELOPMENT_ASSET_PATHS = "\"Landmarks/Preview Content\"";
				ENABLE_PREVIEWS = YES;
				GENERATE_INFOPLIST_FILE = YES;
				INFOPLIST_KEY_UIApplicationSceneManifest_Generation = YES;
				INFOPLIST_KEY_UIApplicationSupportsIndirectInputEvents = YES;
				INFOPLIST_KEY_UILaunchScreen_Generation = YES;
				INFOPLIST_KEY_UISupportedInterfaceOrientations_iPad = "UIInterfaceOrientationPortrait UIInterfaceOrientationPortraitUpsideDown UIInterfaceOrientationLandscapeLeft UIInterfaceOrientationLandscapeRight";
				INFOPLIST_KEY_UISupportedInterfaceOrientations_iPhone = "UIInterfaceOrientationPortrait UIInterfaceOrientationLandscapeLeft UIInterfaceOrientationLandscapeRight";
				LD_RUNPATH_SEARCH_PATHS = (
					"$(inherited)",
					"@executable_path/Frameworks",
				);
				MARKETING_VERSION = 1.0;
				PRODUCT_BUNDLE_IDENTIFIER = com.PRACTICE.Landmarks;
				PRODUCT_NAME = "$(TARGET_NAME)";
				SWIFT_EMIT_LOC_STRINGS = YES;
				SWIFT_VERSION = 5.0;
				TARGETED_DEVICE_FAMILY = "1,2";
			};
			name = Release;
		};
		41F919E4281F6EE900F43D65 /* Debug */ = {
			isa = XCBuildConfiguration;
			buildSettings = {
				ALWAYS_EMBED_SWIFT_STANDARD_LIBRARIES = YES;
				BUNDLE_LOADER = "$(TEST_HOST)";
				CODE_SIGN_STYLE = Automatic;
				CURRENT_PROJECT_VERSION = 1;
				GENERATE_INFOPLIST_FILE = YES;
				IPHONEOS_DEPLOYMENT_TARGET = 15.4;
				MARKETING_VERSION = 1.0;
				PRODUCT_BUNDLE_IDENTIFIER = com.PRACTICE.LandmarksTests;
				PRODUCT_NAME = "$(TARGET_NAME)";
				SWIFT_EMIT_LOC_STRINGS = NO;
				SWIFT_VERSION = 5.0;
				TARGETED_DEVICE_FAMILY = "1,2";
				TEST_HOST = "$(BUILT_PRODUCTS_DIR)/Landmarks.app/Landmarks";
			};
			name = Debug;
		};
		41F919E5281F6EE900F43D65 /* Release */ = {
			isa = XCBuildConfiguration;
			buildSettings = {
				ALWAYS_EMBED_SWIFT_STANDARD_LIBRARIES = YES;
				BUNDLE_LOADER = "$(TEST_HOST)";
				CODE_SIGN_STYLE = Automatic;
				CURRENT_PROJECT_VERSION = 1;
				GENERATE_INFOPLIST_FILE = YES;
				IPHONEOS_DEPLOYMENT_TARGET = 15.4;
				MARKETING_VERSION = 1.0;
				PRODUCT_BUNDLE_IDENTIFIER = com.PRACTICE.LandmarksTests;
				PRODUCT_NAME = "$(TARGET_NAME)";
				SWIFT_EMIT_LOC_STRINGS = NO;
				SWIFT_VERSION = 5.0;
				TARGETED_DEVICE_FAMILY = "1,2";
				TEST_HOST = "$(BUILT_PRODUCTS_DIR)/Landmarks.app/Landmarks";
			};
			name = Release;
		};
		41F919E7281F6EE900F43D65 /* Debug */ = {
			isa = XCBuildConfiguration;
			buildSettings = {
				ALWAYS_EMBED_SWIFT_STANDARD_LIBRARIES = YES;
				CODE_SIGN_STYLE = Automatic;
				CURRENT_PROJECT_VERSION = 1;
				GENERATE_INFOPLIST_FILE = YES;
				MARKETING_VERSION = 1.0;
				PRODUCT_BUNDLE_IDENTIFIER = com.PRACTICE.LandmarksUITests;
				PRODUCT_NAME = "$(TARGET_NAME)";
				SWIFT_EMIT_LOC_STRINGS = NO;
				SWIFT_VERSION = 5.0;
				TARGETED_DEVICE_FAMILY = "1,2";
				TEST_TARGET_NAME = Landmarks;
			};
			name = Debug;
		};
		41F919E8281F6EE900F43D65 /* Release */ = {
			isa = XCBuildConfiguration;
			buildSettings = {
				ALWAYS_EMBED_SWIFT_STANDARD_LIBRARIES = YES;
				CODE_SIGN_STYLE = Automatic;
				CURRENT_PROJECT_VERSION = 1;
				GENERATE_INFOPLIST_FILE = YES;
				MARKETING_VERSION = 1.0;
				PRODUCT_BUNDLE_IDENTIFIER = com.PRACTICE.LandmarksUITests;
				PRODUCT_NAME = "$(TARGET_NAME)";
				SWIFT_EMIT_LOC_STRINGS = NO;
				SWIFT_VERSION = 5.0;
				TARGETED_DEVICE_FAMILY = "1,2";
				TEST_TARGET_NAME = Landmarks;
			};
			name = Release;
		};
/* End XCBuildConfiguration section */

/* Begin XCConfigurationList section */
		41F919B7281F6EE700F43D65 /* Build configuration list for PBXProject "Landmarks" */ = {
			isa = XCConfigurationList;
			buildConfigurations = (
				41F919DE281F6EE900F43D65 /* Debug */,
				41F919DF281F6EE900F43D65 /* Release */,
			);
			defaultConfigurationIsVisible = 0;
			defaultConfigurationName = Release;
		};
		41F919E0281F6EE900F43D65 /* Build configuration list for PBXNativeTarget "Landmarks" */ = {
			isa = XCConfigurationList;
			buildConfigurations = (
				41F919E1281F6EE900F43D65 /* Debug */,
				41F919E2281F6EE900F43D65 /* Release */,
			);
			defaultConfigurationIsVisible = 0;
			defaultConfigurationName = Release;
		};
		41F919E3281F6EE900F43D65 /* Build configuration list for PBXNativeTarget "LandmarksTests" */ = {
			isa = XCConfigurationList;
			buildConfigurations = (
				41F919E4281F6EE900F43D65 /* Debug */,
				41F919E5281F6EE900F43D65 /* Release */,
			);
			defaultConfigurationIsVisible = 0;
			defaultConfigurationName = Release;
		};
		41F919E6281F6EE900F43D65 /* Build configuration list for PBXNativeTarget "LandmarksUITests" */ = {
			isa = XCConfigurationList;
			buildConfigurations = (
				41F919E7281F6EE900F43D65 /* Debug */,
				41F919E8281F6EE900F43D65 /* Release */,
			);
			defaultConfigurationIsVisible = 0;
			defaultConfigurationName = Release;
		};
/* End XCConfigurationList section */
	};
	rootObject = 41F919B4281F6EE700F43D65 /* Project object */;
}
